PODS:
  - Alamofire (5.11.2)
  - Realm (20.0.4):
    - Realm/Headers (= 20.0.4)
  - Realm/Headers (20.0.4)
  - RealmSwift (20.0.4):
    - Realm (= 20.0.4)
  - RxCocoa (6.9.0):
    - RxRelay (= 6.9.0)
    - RxSwift (= 6.9.0)
  - RxRelay (6.9.0):
    - RxSwift (= 6.9.0)
  - RxSwift (6.9.0)
  - SnapKit (5.7.1)

DEPENDENCIES:
  - Alamofire
  - RealmSwift
  - RxCocoa
  - RxSwift
  - SnapKit

SPEC REPOS:
  trunk:
    - Alamofire
    - Realm
    - RealmSwift
    - RxCocoa
    - RxRelay
    - RxSwift
    - SnapKit

SPEC CHECKSUMS:
  Alamofire: 400275dd1c6d87d95a041861d2a59da4b520a203
  Realm: 1fca83c42ac1d5c7767974882c8de5a7abca4d89
  RealmSwift: 84f36320f6133dea78d05c55bb46bba4387d6828
  RxCocoa: ac16414696ae706516be3e1ab00fcce5bdc9be8a
  RxRelay: 6b0c930e5cef57d5fe2032571e5e65b78e3cbdb1
  RxSwift: 31649ace6aceeb422e16ff71c60804f9c3281ed9
  SnapKit: d612e99e678a2d3b95bf60b0705ed0a35c03484a

PODFILE CHECKSUM: a994b927b71006af4c1d56ca471b1b1eda3b7be3

COCOAPODS: 1.16.2
